// !$*UTF8*$!
{
	archiveVersion = 1;
	classes = {
	};
	objectVersion = 48;
	objects = {

/* Begin PBXBuildFile section */
		2C70AD376C87B0C2694F88BA /* Pods_Solarboat.framework in Frameworks */ = {isa = PBXBuildFile; fileRef = ECA00CB58D7B81F73B5C30B8 /* Pods_Solarboat.framework */; };
		C82071E11FB723CD00258EC3 /* BoatInformationTableViewCell.swift in Sources */ = {isa = PBXBuildFile; fileRef = C82071E01FB723CD00258EC3 /* BoatInformationTableViewCell.swift */; };
		C82071E51FB732FF00258EC3 /* InformationViewController.swift in Sources */ = {isa = PBXBuildFile; fileRef = C82071E41FB732FF00258EC3 /* InformationViewController.swift */; };
		C82071E71FB73E5D00258EC3 /* InformationPageViewController.swift in Sources */ = {isa = PBXBuildFile; fileRef = C82071E61FB73E5D00258EC3 /* InformationPageViewController.swift */; };
		C82071E91FB7451100258EC3 /* FirstPageViewController.swift in Sources */ = {isa = PBXBuildFile; fileRef = C82071E81FB7451100258EC3 /* FirstPageViewController.swift */; };
		C82071EB1FB7452E00258EC3 /* SecondPageViewController.swift in Sources */ = {isa = PBXBuildFile; fileRef = C82071EA1FB7452E00258EC3 /* SecondPageViewController.swift */; };
		C82071EF1FB74A4500258EC3 /* TabBarViewController.swift in Sources */ = {isa = PBXBuildFile; fileRef = C82071EE1FB74A4500258EC3 /* TabBarViewController.swift */; };
		C82982111FB46D1D009DDCB0 /* AppDelegate.swift in Sources */ = {isa = PBXBuildFile; fileRef = C82982101FB46D1D009DDCB0 /* AppDelegate.swift */; };
		C82982131FB46D1D009DDCB0 /* ViewController.swift in Sources */ = {isa = PBXBuildFile; fileRef = C82982121FB46D1D009DDCB0 /* ViewController.swift */; };
		C82982161FB46D1D009DDCB0 /* Main.storyboard in Resources */ = {isa = PBXBuildFile; fileRef = C82982141FB46D1D009DDCB0 /* Main.storyboard */; };
		C82982181FB46D1D009DDCB0 /* Assets.xcassets in Resources */ = {isa = PBXBuildFile; fileRef = C82982171FB46D1D009DDCB0 /* Assets.xcassets */; };
		C829821B1FB46D1D009DDCB0 /* LaunchScreen.storyboard in Resources */ = {isa = PBXBuildFile; fileRef = C82982191FB46D1D009DDCB0 /* LaunchScreen.storyboard */; };
		C82982261FB46D1D009DDCB0 /* SolarboatTests.swift in Sources */ = {isa = PBXBuildFile; fileRef = C82982251FB46D1D009DDCB0 /* SolarboatTests.swift */; };
		C82982311FB46D1D009DDCB0 /* SolarboatUITests.swift in Sources */ = {isa = PBXBuildFile; fileRef = C82982301FB46D1D009DDCB0 /* SolarboatUITests.swift */; };
		C834C02F1FDACD8200FA3161 /* BoatLocation.swift in Sources */ = {isa = PBXBuildFile; fileRef = C834C02E1FDACD8200FA3161 /* BoatLocation.swift */; };
		C834C0311FDAE34D00FA3161 /* EventHelper.swift in Sources */ = {isa = PBXBuildFile; fileRef = C834C0301FDAE34D00FA3161 /* EventHelper.swift */; };
		C834C0331FDAE46100FA3161 /* EventManager.swift in Sources */ = {isa = PBXBuildFile; fileRef = C834C0321FDAE46100FA3161 /* EventManager.swift */; };
		C85808451FC9B8780098C3B2 /* Message.swift in Sources */ = {isa = PBXBuildFile; fileRef = C85808441FC9B8780098C3B2 /* Message.swift */; };
		C85808471FC9B9340098C3B2 /* MessageTableViewCell.swift in Sources */ = {isa = PBXBuildFile; fileRef = C85808461FC9B9340098C3B2 /* MessageTableViewCell.swift */; };
		C87305961FC5CBCE00B68049 /* UIViewControllerExtension.swift in Sources */ = {isa = PBXBuildFile; fileRef = C87305951FC5CBCE00B68049 /* UIViewControllerExtension.swift */; };
		C87305991FC5D05100B68049 /* Reachability.swift in Sources */ = {isa = PBXBuildFile; fileRef = C87305981FC5D05100B68049 /* Reachability.swift */; };
		C87305A31FC5F54E00B68049 /* MessageViewController.swift in Sources */ = {isa = PBXBuildFile; fileRef = C87305A21FC5F54E00B68049 /* MessageViewController.swift */; };
		C87305A91FC6CE3000B68049 /* BoatUpdate.swift in Sources */ = {isa = PBXBuildFile; fileRef = C87305A81FC6CE3000B68049 /* BoatUpdate.swift */; };
		C8825F811FC5C1F100B9E30E /* Settings.bundle in Resources */ = {isa = PBXBuildFile; fileRef = C8825F801FC5C1F100B9E30E /* Settings.bundle */; };
		C8825F831FC5C3E500B9E30E /* SettingsBundleHelper.swift in Sources */ = {isa = PBXBuildFile; fileRef = C8825F821FC5C3E500B9E30E /* SettingsBundleHelper.swift */; };
		C8996DE01FE149A0004F354B /* SocketHelper.swift in Sources */ = {isa = PBXBuildFile; fileRef = C8996DDF1FE149A0004F354B /* SocketHelper.swift */; };
		C8B391F71FC9A4F3003145CA /* BoatInformationHeaderTableViewCell.swift in Sources */ = {isa = PBXBuildFile; fileRef = C8B391F61FC9A4F3003145CA /* BoatInformationHeaderTableViewCell.swift */; };
		C8E048ED1FB5FFDD001F971B /* MapKit.framework in Frameworks */ = {isa = PBXBuildFile; fileRef = C8E048EC1FB5FFD5001F971B /* MapKit.framework */; };
		C8E048EF1FB60003001F971B /* MapViewController.swift in Sources */ = {isa = PBXBuildFile; fileRef = C8E048EE1FB60003001F971B /* MapViewController.swift */; };
		C8E452CB1FD6B044005922D3 /* BoatLocationAnnotation.swift in Sources */ = {isa = PBXBuildFile; fileRef = C8E452CA1FD6B044005922D3 /* BoatLocationAnnotation.swift */; };
		C8E452CD1FD6BFBF005922D3 /* PreviousBoatLocationAnnotation.swift in Sources */ = {isa = PBXBuildFile; fileRef = C8E452CC1FD6BFBF005922D3 /* PreviousBoatLocationAnnotation.swift */; };
		C8EC59411FBB2FBC000FA85E /* FTB.ttf in Resources */ = {isa = PBXBuildFile; fileRef = C8E048F11FB60DB0001F971B /* FTB.ttf */; };
		C8ED12341FE17047006BA457 /* AppStartHelper.swift in Sources */ = {isa = PBXBuildFile; fileRef = C8ED12331FE17047006BA457 /* AppStartHelper.swift */; };
/* End PBXBuildFile section */

/* Begin PBXContainerItemProxy section */
		C82982221FB46D1D009DDCB0 /* PBXContainerItemProxy */ = {
			isa = PBXContainerItemProxy;
			containerPortal = C82982051FB46D1C009DDCB0 /* Project object */;
			proxyType = 1;
			remoteGlobalIDString = C829820C1FB46D1C009DDCB0;
			remoteInfo = Solarboat;
		};
		C829822D1FB46D1D009DDCB0 /* PBXContainerItemProxy */ = {
			isa = PBXContainerItemProxy;
			containerPortal = C82982051FB46D1C009DDCB0 /* Project object */;
			proxyType = 1;
			remoteGlobalIDString = C829820C1FB46D1C009DDCB0;
			remoteInfo = Solarboat;
		};
/* End PBXContainerItemProxy section */

/* Begin PBXFileReference section */
		3DAA7447936486A5368608C9 /* Pods-Solarboat.release.xcconfig */ = {isa = PBXFileReference; includeInIndex = 1; lastKnownFileType = text.xcconfig; name = "Pods-Solarboat.release.xcconfig"; path = "Pods/Target Support Files/Pods-Solarboat/Pods-Solarboat.release.xcconfig"; sourceTree = "<group>"; };
		A724E399097B0CCA1A785CE9 /* Pods-Solarboat.debug.xcconfig */ = {isa = PBXFileReference; includeInIndex = 1; lastKnownFileType = text.xcconfig; name = "Pods-Solarboat.debug.xcconfig"; path = "Pods/Target Support Files/Pods-Solarboat/Pods-Solarboat.debug.xcconfig"; sourceTree = "<group>"; };
		C82071E01FB723CD00258EC3 /* BoatInformationTableViewCell.swift */ = {isa = PBXFileReference; lastKnownFileType = sourcecode.swift; path = BoatInformationTableViewCell.swift; sourceTree = "<group>"; };
		C82071E41FB732FF00258EC3 /* InformationViewController.swift */ = {isa = PBXFileReference; lastKnownFileType = sourcecode.swift; path = InformationViewController.swift; sourceTree = "<group>"; };
		C82071E61FB73E5D00258EC3 /* InformationPageViewController.swift */ = {isa = PBXFileReference; lastKnownFileType = sourcecode.swift; path = InformationPageViewController.swift; sourceTree = "<group>"; };
		C82071E81FB7451100258EC3 /* FirstPageViewController.swift */ = {isa = PBXFileReference; lastKnownFileType = sourcecode.swift; path = FirstPageViewController.swift; sourceTree = "<group>"; };
		C82071EA1FB7452E00258EC3 /* SecondPageViewController.swift */ = {isa = PBXFileReference; lastKnownFileType = sourcecode.swift; path = SecondPageViewController.swift; sourceTree = "<group>"; };
		C82071EE1FB74A4500258EC3 /* TabBarViewController.swift */ = {isa = PBXFileReference; lastKnownFileType = sourcecode.swift; path = TabBarViewController.swift; sourceTree = "<group>"; };
		C829820D1FB46D1C009DDCB0 /* Solarboat.app */ = {isa = PBXFileReference; explicitFileType = wrapper.application; includeInIndex = 0; path = Solarboat.app; sourceTree = BUILT_PRODUCTS_DIR; };
		C82982101FB46D1D009DDCB0 /* AppDelegate.swift */ = {isa = PBXFileReference; lastKnownFileType = sourcecode.swift; path = AppDelegate.swift; sourceTree = "<group>"; };
		C82982121FB46D1D009DDCB0 /* ViewController.swift */ = {isa = PBXFileReference; lastKnownFileType = sourcecode.swift; path = ViewController.swift; sourceTree = "<group>"; };
		C82982151FB46D1D009DDCB0 /* Base */ = {isa = PBXFileReference; lastKnownFileType = file.storyboard; name = Base; path = Base.lproj/Main.storyboard; sourceTree = "<group>"; };
		C82982171FB46D1D009DDCB0 /* Assets.xcassets */ = {isa = PBXFileReference; lastKnownFileType = folder.assetcatalog; path = Assets.xcassets; sourceTree = "<group>"; };
		C829821A1FB46D1D009DDCB0 /* Base */ = {isa = PBXFileReference; lastKnownFileType = file.storyboard; name = Base; path = Base.lproj/LaunchScreen.storyboard; sourceTree = "<group>"; };
		C829821C1FB46D1D009DDCB0 /* Info.plist */ = {isa = PBXFileReference; lastKnownFileType = text.plist.xml; path = Info.plist; sourceTree = "<group>"; };
		C82982211FB46D1D009DDCB0 /* SolarboatTests.xctest */ = {isa = PBXFileReference; explicitFileType = wrapper.cfbundle; includeInIndex = 0; path = SolarboatTests.xctest; sourceTree = BUILT_PRODUCTS_DIR; };
		C82982251FB46D1D009DDCB0 /* SolarboatTests.swift */ = {isa = PBXFileReference; lastKnownFileType = sourcecode.swift; path = SolarboatTests.swift; sourceTree = "<group>"; };
		C82982271FB46D1D009DDCB0 /* Info.plist */ = {isa = PBXFileReference; lastKnownFileType = text.plist.xml; path = Info.plist; sourceTree = "<group>"; };
		C829822C1FB46D1D009DDCB0 /* SolarboatUITests.xctest */ = {isa = PBXFileReference; explicitFileType = wrapper.cfbundle; includeInIndex = 0; path = SolarboatUITests.xctest; sourceTree = BUILT_PRODUCTS_DIR; };
		C82982301FB46D1D009DDCB0 /* SolarboatUITests.swift */ = {isa = PBXFileReference; lastKnownFileType = sourcecode.swift; path = SolarboatUITests.swift; sourceTree = "<group>"; };
		C82982321FB46D1D009DDCB0 /* Info.plist */ = {isa = PBXFileReference; lastKnownFileType = text.plist.xml; path = Info.plist; sourceTree = "<group>"; };
		C834C02E1FDACD8200FA3161 /* BoatLocation.swift */ = {isa = PBXFileReference; lastKnownFileType = sourcecode.swift; path = BoatLocation.swift; sourceTree = "<group>"; };
		C834C0301FDAE34D00FA3161 /* EventHelper.swift */ = {isa = PBXFileReference; lastKnownFileType = sourcecode.swift; path = EventHelper.swift; sourceTree = "<group>"; };
		C834C0321FDAE46100FA3161 /* EventManager.swift */ = {isa = PBXFileReference; lastKnownFileType = sourcecode.swift; path = EventManager.swift; sourceTree = "<group>"; };
		C85808441FC9B8780098C3B2 /* Message.swift */ = {isa = PBXFileReference; lastKnownFileType = sourcecode.swift; path = Message.swift; sourceTree = "<group>"; };
		C85808461FC9B9340098C3B2 /* MessageTableViewCell.swift */ = {isa = PBXFileReference; lastKnownFileType = sourcecode.swift; path = MessageTableViewCell.swift; sourceTree = "<group>"; };
		C85808481FC9C1270098C3B2 /* nl */ = {isa = PBXFileReference; lastKnownFileType = text.plist.strings; name = nl; path = nl.lproj/LaunchScreen.strings; sourceTree = "<group>"; };
		C85808491FC9C1280098C3B2 /* nl */ = {isa = PBXFileReference; lastKnownFileType = text.plist.strings; name = nl; path = nl.lproj/Main.strings; sourceTree = "<group>"; };
		C87305951FC5CBCE00B68049 /* UIViewControllerExtension.swift */ = {isa = PBXFileReference; lastKnownFileType = sourcecode.swift; path = UIViewControllerExtension.swift; sourceTree = "<group>"; };
		C87305981FC5D05100B68049 /* Reachability.swift */ = {isa = PBXFileReference; lastKnownFileType = sourcecode.swift; path = Reachability.swift; sourceTree = "<group>"; };
		C87305A21FC5F54E00B68049 /* MessageViewController.swift */ = {isa = PBXFileReference; lastKnownFileType = sourcecode.swift; path = MessageViewController.swift; sourceTree = "<group>"; };
		C87305A81FC6CE3000B68049 /* BoatUpdate.swift */ = {isa = PBXFileReference; lastKnownFileType = sourcecode.swift; path = BoatUpdate.swift; sourceTree = "<group>"; };
		C8825F801FC5C1F100B9E30E /* Settings.bundle */ = {isa = PBXFileReference; lastKnownFileType = "wrapper.plug-in"; name = Settings.bundle; path = Solarboat/Settings.bundle; sourceTree = "<group>"; };
		C8825F821FC5C3E500B9E30E /* SettingsBundleHelper.swift */ = {isa = PBXFileReference; lastKnownFileType = sourcecode.swift; name = SettingsBundleHelper.swift; path = Solarboat/SettingsBundleHelper.swift; sourceTree = "<group>"; };
		C8996DDF1FE149A0004F354B /* SocketHelper.swift */ = {isa = PBXFileReference; lastKnownFileType = sourcecode.swift; path = SocketHelper.swift; sourceTree = "<group>"; };
		C8B391F61FC9A4F3003145CA /* BoatInformationHeaderTableViewCell.swift */ = {isa = PBXFileReference; lastKnownFileType = sourcecode.swift; path = BoatInformationHeaderTableViewCell.swift; sourceTree = "<group>"; };
		C8E048EC1FB5FFD5001F971B /* MapKit.framework */ = {isa = PBXFileReference; lastKnownFileType = wrapper.framework; name = MapKit.framework; path = System/Library/Frameworks/MapKit.framework; sourceTree = SDKROOT; };
		C8E048EE1FB60003001F971B /* MapViewController.swift */ = {isa = PBXFileReference; lastKnownFileType = sourcecode.swift; path = MapViewController.swift; sourceTree = "<group>"; };
		C8E048F11FB60DB0001F971B /* FTB.ttf */ = {isa = PBXFileReference; lastKnownFileType = file; path = FTB.ttf; sourceTree = "<group>"; };
		C8E452CA1FD6B044005922D3 /* BoatLocationAnnotation.swift */ = {isa = PBXFileReference; lastKnownFileType = sourcecode.swift; path = BoatLocationAnnotation.swift; sourceTree = "<group>"; };
		C8E452CC1FD6BFBF005922D3 /* PreviousBoatLocationAnnotation.swift */ = {isa = PBXFileReference; lastKnownFileType = sourcecode.swift; path = PreviousBoatLocationAnnotation.swift; sourceTree = "<group>"; };
		C8ED12331FE17047006BA457 /* AppStartHelper.swift */ = {isa = PBXFileReference; lastKnownFileType = sourcecode.swift; path = AppStartHelper.swift; sourceTree = "<group>"; };
		ECA00CB58D7B81F73B5C30B8 /* Pods_Solarboat.framework */ = {isa = PBXFileReference; explicitFileType = wrapper.framework; includeInIndex = 0; path = Pods_Solarboat.framework; sourceTree = BUILT_PRODUCTS_DIR; };
/* End PBXFileReference section */

/* Begin PBXFrameworksBuildPhase section */
		C829820A1FB46D1C009DDCB0 /* Frameworks */ = {
			isa = PBXFrameworksBuildPhase;
			buildActionMask = 2147483647;
			files = (
				C8E048ED1FB5FFDD001F971B /* MapKit.framework in Frameworks */,
				2C70AD376C87B0C2694F88BA /* Pods_Solarboat.framework in Frameworks */,
			);
			runOnlyForDeploymentPostprocessing = 0;
		};
		C829821E1FB46D1D009DDCB0 /* Frameworks */ = {
			isa = PBXFrameworksBuildPhase;
			buildActionMask = 2147483647;
			files = (
			);
			runOnlyForDeploymentPostprocessing = 0;
		};
		C82982291FB46D1D009DDCB0 /* Frameworks */ = {
			isa = PBXFrameworksBuildPhase;
			buildActionMask = 2147483647;
			files = (
			);
			runOnlyForDeploymentPostprocessing = 0;
		};
/* End PBXFrameworksBuildPhase section */

/* Begin PBXGroup section */
		2C63740E41AE373AD457BA8E /* Pods */ = {
			isa = PBXGroup;
			children = (
				A724E399097B0CCA1A785CE9 /* Pods-Solarboat.debug.xcconfig */,
				3DAA7447936486A5368608C9 /* Pods-Solarboat.release.xcconfig */,
			);
			name = Pods;
			sourceTree = "<group>";
		};
		C82071ED1FB7454000258EC3 /* PageViews */ = {
			isa = PBXGroup;
			children = (
				C82071E81FB7451100258EC3 /* FirstPageViewController.swift */,
				C82071EA1FB7452E00258EC3 /* SecondPageViewController.swift */,
			);
			path = PageViews;
			sourceTree = "<group>";
		};
		C82982041FB46D1C009DDCB0 = {
			isa = PBXGroup;
			children = (
				C8825F821FC5C3E500B9E30E /* SettingsBundleHelper.swift */,
				C8825F801FC5C1F100B9E30E /* Settings.bundle */,
				C829820F1FB46D1C009DDCB0 /* Solarboat */,
				C82982241FB46D1D009DDCB0 /* SolarboatTests */,
				C829822F1FB46D1D009DDCB0 /* SolarboatUITests */,
				C829820E1FB46D1C009DDCB0 /* Products */,
				C8E048EB1FB5FFD5001F971B /* Frameworks */,
				2C63740E41AE373AD457BA8E /* Pods */,
			);
			sourceTree = "<group>";
		};
		C829820E1FB46D1C009DDCB0 /* Products */ = {
			isa = PBXGroup;
			children = (
				C829820D1FB46D1C009DDCB0 /* Solarboat.app */,
				C82982211FB46D1D009DDCB0 /* SolarboatTests.xctest */,
				C829822C1FB46D1D009DDCB0 /* SolarboatUITests.xctest */,
			);
			name = Products;
			sourceTree = "<group>";
		};
		C829820F1FB46D1C009DDCB0 /* Solarboat */ = {
			isa = PBXGroup;
			children = (
				C87305A71FC6CE1F00B68049 /* Models */,
				C8E048F01FB60D9E001F971B /* Fonts */,
				C8DE0D791FB4700600E881CC /* Storyboards */,
				C8DE0D7A1FB4701700E881CC /* ViewControllers */,
				C82982101FB46D1D009DDCB0 /* AppDelegate.swift */,
				C82982171FB46D1D009DDCB0 /* Assets.xcassets */,
				C829821C1FB46D1D009DDCB0 /* Info.plist */,
				C87305971FC5CBD300B68049 /* Extensions */,
				C87305981FC5D05100B68049 /* Reachability.swift */,
			);
			path = Solarboat;
			sourceTree = "<group>";
		};
		C82982241FB46D1D009DDCB0 /* SolarboatTests */ = {
			isa = PBXGroup;
			children = (
				C82982251FB46D1D009DDCB0 /* SolarboatTests.swift */,
				C82982271FB46D1D009DDCB0 /* Info.plist */,
			);
			path = SolarboatTests;
			sourceTree = "<group>";
		};
		C829822F1FB46D1D009DDCB0 /* SolarboatUITests */ = {
			isa = PBXGroup;
			children = (
				C82982301FB46D1D009DDCB0 /* SolarboatUITests.swift */,
				C82982321FB46D1D009DDCB0 /* Info.plist */,
			);
			path = SolarboatUITests;
			sourceTree = "<group>";
		};
		C87305971FC5CBD300B68049 /* Extensions */ = {
			isa = PBXGroup;
			children = (
				C87305951FC5CBCE00B68049 /* UIViewControllerExtension.swift */,
			);
			path = Extensions;
			sourceTree = "<group>";
		};
		C87305A71FC6CE1F00B68049 /* Models */ = {
			isa = PBXGroup;
			children = (
				C87305A81FC6CE3000B68049 /* BoatUpdate.swift */,
				C85808441FC9B8780098C3B2 /* Message.swift */,
				C8E452CA1FD6B044005922D3 /* BoatLocationAnnotation.swift */,
				C8E452CC1FD6BFBF005922D3 /* PreviousBoatLocationAnnotation.swift */,
				C834C02E1FDACD8200FA3161 /* BoatLocation.swift */,
				C834C0301FDAE34D00FA3161 /* EventHelper.swift */,
				C834C0321FDAE46100FA3161 /* EventManager.swift */,
				C8996DDF1FE149A0004F354B /* SocketHelper.swift */,
				C8ED12331FE17047006BA457 /* AppStartHelper.swift */,
			);
			path = Models;
			sourceTree = "<group>";
		};
		C8B391F51FC99B04003145CA /* TableViewCells */ = {
			isa = PBXGroup;
			children = (
				C82071E01FB723CD00258EC3 /* BoatInformationTableViewCell.swift */,
				C8B391F61FC9A4F3003145CA /* BoatInformationHeaderTableViewCell.swift */,
				C85808461FC9B9340098C3B2 /* MessageTableViewCell.swift */,
			);
			path = TableViewCells;
			sourceTree = "<group>";
		};
		C8DE0D791FB4700600E881CC /* Storyboards */ = {
			isa = PBXGroup;
			children = (
				C82982191FB46D1D009DDCB0 /* LaunchScreen.storyboard */,
				C82982141FB46D1D009DDCB0 /* Main.storyboard */,
			);
			path = Storyboards;
			sourceTree = "<group>";
		};
		C8DE0D7A1FB4701700E881CC /* ViewControllers */ = {
			isa = PBXGroup;
			children = (
				C8B391F51FC99B04003145CA /* TableViewCells */,
				C82982121FB46D1D009DDCB0 /* ViewController.swift */,
				C8E048EE1FB60003001F971B /* MapViewController.swift */,
				C82071E41FB732FF00258EC3 /* InformationViewController.swift */,
				C82071E61FB73E5D00258EC3 /* InformationPageViewController.swift */,
				C82071ED1FB7454000258EC3 /* PageViews */,
				C82071EE1FB74A4500258EC3 /* TabBarViewController.swift */,
				C87305A21FC5F54E00B68049 /* MessageViewController.swift */,
			);
			path = ViewControllers;
			sourceTree = "<group>";
		};
		C8E048EB1FB5FFD5001F971B /* Frameworks */ = {
			isa = PBXGroup;
			children = (
				C8E048EC1FB5FFD5001F971B /* MapKit.framework */,
				ECA00CB58D7B81F73B5C30B8 /* Pods_Solarboat.framework */,
			);
			name = Frameworks;
			sourceTree = "<group>";
		};
		C8E048F01FB60D9E001F971B /* Fonts */ = {
			isa = PBXGroup;
			children = (
				C8E048F11FB60DB0001F971B /* FTB.ttf */,
			);
			path = Fonts;
			sourceTree = "<group>";
		};
/* End PBXGroup section */

/* Begin PBXNativeTarget section */
		C829820C1FB46D1C009DDCB0 /* Solarboat */ = {
			isa = PBXNativeTarget;
			buildConfigurationList = C82982351FB46D1D009DDCB0 /* Build configuration list for PBXNativeTarget "Solarboat" */;
			buildPhases = (
				B4A5CA39443E697CE53975F5 /* [CP] Check Pods Manifest.lock */,
				C82982091FB46D1C009DDCB0 /* Sources */,
				C829820A1FB46D1C009DDCB0 /* Frameworks */,
				C829820B1FB46D1C009DDCB0 /* Resources */,
				3D835ADB81C497C42A445156 /* [CP] Embed Pods Frameworks */,
				CC7680BD271F7C781C2E53F9 /* [CP] Copy Pods Resources */,
			);
			buildRules = (
			);
			dependencies = (
			);
			name = Solarboat;
			productName = Solarboat;
			productReference = C829820D1FB46D1C009DDCB0 /* Solarboat.app */;
			productType = "com.apple.product-type.application";
		};
		C82982201FB46D1D009DDCB0 /* SolarboatTests */ = {
			isa = PBXNativeTarget;
			buildConfigurationList = C82982381FB46D1D009DDCB0 /* Build configuration list for PBXNativeTarget "SolarboatTests" */;
			buildPhases = (
				C829821D1FB46D1D009DDCB0 /* Sources */,
				C829821E1FB46D1D009DDCB0 /* Frameworks */,
				C829821F1FB46D1D009DDCB0 /* Resources */,
			);
			buildRules = (
			);
			dependencies = (
				C82982231FB46D1D009DDCB0 /* PBXTargetDependency */,
			);
			name = SolarboatTests;
			productName = SolarboatTests;
			productReference = C82982211FB46D1D009DDCB0 /* SolarboatTests.xctest */;
			productType = "com.apple.product-type.bundle.unit-test";
		};
		C829822B1FB46D1D009DDCB0 /* SolarboatUITests */ = {
			isa = PBXNativeTarget;
			buildConfigurationList = C829823B1FB46D1D009DDCB0 /* Build configuration list for PBXNativeTarget "SolarboatUITests" */;
			buildPhases = (
				C82982281FB46D1D009DDCB0 /* Sources */,
				C82982291FB46D1D009DDCB0 /* Frameworks */,
				C829822A1FB46D1D009DDCB0 /* Resources */,
			);
			buildRules = (
			);
			dependencies = (
				C829822E1FB46D1D009DDCB0 /* PBXTargetDependency */,
			);
			name = SolarboatUITests;
			productName = SolarboatUITests;
			productReference = C829822C1FB46D1D009DDCB0 /* SolarboatUITests.xctest */;
			productType = "com.apple.product-type.bundle.ui-testing";
		};
/* End PBXNativeTarget section */

/* Begin PBXProject section */
		C82982051FB46D1C009DDCB0 /* Project object */ = {
			isa = PBXProject;
			attributes = {
				LastSwiftUpdateCheck = 0900;
				LastUpgradeCheck = 0900;
				ORGANIZATIONNAME = "Thomas Roovers";
				TargetAttributes = {
					C829820C1FB46D1C009DDCB0 = {
						CreatedOnToolsVersion = 9.0.1;
						LastSwiftMigration = 0900;
						ProvisioningStyle = Manual;
					};
					C82982201FB46D1D009DDCB0 = {
						CreatedOnToolsVersion = 9.0.1;
						ProvisioningStyle = Automatic;
						TestTargetID = C829820C1FB46D1C009DDCB0;
					};
					C829822B1FB46D1D009DDCB0 = {
						CreatedOnToolsVersion = 9.0.1;
						ProvisioningStyle = Automatic;
						TestTargetID = C829820C1FB46D1C009DDCB0;
					};
				};
			};
			buildConfigurationList = C82982081FB46D1C009DDCB0 /* Build configuration list for PBXProject "Solarboat" */;
			compatibilityVersion = "Xcode 8.0";
			developmentRegion = en;
			hasScannedForEncodings = 0;
			knownRegions = (
				en,
				Base,
			);
			mainGroup = C82982041FB46D1C009DDCB0;
			productRefGroup = C829820E1FB46D1C009DDCB0 /* Products */;
			projectDirPath = "";
			projectRoot = "";
			targets = (
				C829820C1FB46D1C009DDCB0 /* Solarboat */,
				C82982201FB46D1D009DDCB0 /* SolarboatTests */,
				C829822B1FB46D1D009DDCB0 /* SolarboatUITests */,
			);
		};
/* End PBXProject section */

/* Begin PBXResourcesBuildPhase section */
		C829820B1FB46D1C009DDCB0 /* Resources */ = {
			isa = PBXResourcesBuildPhase;
			buildActionMask = 2147483647;
			files = (
				C829821B1FB46D1D009DDCB0 /* LaunchScreen.storyboard in Resources */,
				C82982181FB46D1D009DDCB0 /* Assets.xcassets in Resources */,
				C8825F811FC5C1F100B9E30E /* Settings.bundle in Resources */,
				C82982161FB46D1D009DDCB0 /* Main.storyboard in Resources */,
				C8EC59411FBB2FBC000FA85E /* FTB.ttf in Resources */,
			);
			runOnlyForDeploymentPostprocessing = 0;
		};
		C829821F1FB46D1D009DDCB0 /* Resources */ = {
			isa = PBXResourcesBuildPhase;
			buildActionMask = 2147483647;
			files = (
			);
			runOnlyForDeploymentPostprocessing = 0;
		};
		C829822A1FB46D1D009DDCB0 /* Resources */ = {
			isa = PBXResourcesBuildPhase;
			buildActionMask = 2147483647;
			files = (
			);
			runOnlyForDeploymentPostprocessing = 0;
		};
/* End PBXResourcesBuildPhase section */

/* Begin PBXShellScriptBuildPhase section */
		3D835ADB81C497C42A445156 /* [CP] Embed Pods Frameworks */ = {
			isa = PBXShellScriptBuildPhase;
			buildActionMask = 2147483647;
			files = (
			);
			inputPaths = (
				"${SRCROOT}/Pods/Target Support Files/Pods-Solarboat/Pods-Solarboat-frameworks.sh",
				"${BUILT_PRODUCTS_DIR}/Alamofire/Alamofire.framework",
				"${BUILT_PRODUCTS_DIR}/Pulsator/Pulsator.framework",
				"${BUILT_PRODUCTS_DIR}/Socket.IO-Client-Swift/SocketIO.framework",
				"${BUILT_PRODUCTS_DIR}/Starscream/Starscream.framework",
				"${BUILT_PRODUCTS_DIR}/SwiftyPlistManager/SwiftyPlistManager.framework",
				"${BUILT_PRODUCTS_DIR}/youtube-ios-player-helper/youtube_ios_player_helper.framework",
			);
			name = "[CP] Embed Pods Frameworks";
			outputPaths = (
				"${TARGET_BUILD_DIR}/${FRAMEWORKS_FOLDER_PATH}/Alamofire.framework",
				"${TARGET_BUILD_DIR}/${FRAMEWORKS_FOLDER_PATH}/Pulsator.framework",
				"${TARGET_BUILD_DIR}/${FRAMEWORKS_FOLDER_PATH}/SocketIO.framework",
				"${TARGET_BUILD_DIR}/${FRAMEWORKS_FOLDER_PATH}/Starscream.framework",
				"${TARGET_BUILD_DIR}/${FRAMEWORKS_FOLDER_PATH}/SwiftyPlistManager.framework",
				"${TARGET_BUILD_DIR}/${FRAMEWORKS_FOLDER_PATH}/youtube_ios_player_helper.framework",
			);
			runOnlyForDeploymentPostprocessing = 0;
			shellPath = /bin/sh;
			shellScript = "\"${SRCROOT}/Pods/Target Support Files/Pods-Solarboat/Pods-Solarboat-frameworks.sh\"\n";
			showEnvVarsInLog = 0;
		};
		B4A5CA39443E697CE53975F5 /* [CP] Check Pods Manifest.lock */ = {
			isa = PBXShellScriptBuildPhase;
			buildActionMask = 2147483647;
			files = (
			);
			inputPaths = (
				"${PODS_PODFILE_DIR_PATH}/Podfile.lock",
				"${PODS_ROOT}/Manifest.lock",
			);
			name = "[CP] Check Pods Manifest.lock";
			outputPaths = (
				"$(DERIVED_FILE_DIR)/Pods-Solarboat-checkManifestLockResult.txt",
			);
			runOnlyForDeploymentPostprocessing = 0;
			shellPath = /bin/sh;
			shellScript = "diff \"${PODS_PODFILE_DIR_PATH}/Podfile.lock\" \"${PODS_ROOT}/Manifest.lock\" > /dev/null\nif [ $? != 0 ] ; then\n    # print error to STDERR\n    echo \"error: The sandbox is not in sync with the Podfile.lock. Run 'pod install' or update your CocoaPods installation.\" >&2\n    exit 1\nfi\n# This output is used by Xcode 'outputs' to avoid re-running this script phase.\necho \"SUCCESS\" > \"${SCRIPT_OUTPUT_FILE_0}\"\n";
			showEnvVarsInLog = 0;
		};
		CC7680BD271F7C781C2E53F9 /* [CP] Copy Pods Resources */ = {
			isa = PBXShellScriptBuildPhase;
			buildActionMask = 2147483647;
			files = (
			);
			inputPaths = (
			);
			name = "[CP] Copy Pods Resources";
			outputPaths = (
			);
			runOnlyForDeploymentPostprocessing = 0;
			shellPath = /bin/sh;
			shellScript = "\"${SRCROOT}/Pods/Target Support Files/Pods-Solarboat/Pods-Solarboat-resources.sh\"\n";
			showEnvVarsInLog = 0;
		};
/* End PBXShellScriptBuildPhase section */

/* Begin PBXSourcesBuildPhase section */
		C82982091FB46D1C009DDCB0 /* Sources */ = {
			isa = PBXSourcesBuildPhase;
			buildActionMask = 2147483647;
			files = (
				C82071E71FB73E5D00258EC3 /* InformationPageViewController.swift in Sources */,
				C8996DE01FE149A0004F354B /* SocketHelper.swift in Sources */,
				C87305A31FC5F54E00B68049 /* MessageViewController.swift in Sources */,
				C834C0331FDAE46100FA3161 /* EventManager.swift in Sources */,
				C87305A91FC6CE3000B68049 /* BoatUpdate.swift in Sources */,
				C8ED12341FE17047006BA457 /* AppStartHelper.swift in Sources */,
				C85808471FC9B9340098C3B2 /* MessageTableViewCell.swift in Sources */,
				C8E452CB1FD6B044005922D3 /* BoatLocationAnnotation.swift in Sources */,
				C82071EB1FB7452E00258EC3 /* SecondPageViewController.swift in Sources */,
				C8B391F71FC9A4F3003145CA /* BoatInformationHeaderTableViewCell.swift in Sources */,
				C87305991FC5D05100B68049 /* Reachability.swift in Sources */,
				C82071E11FB723CD00258EC3 /* BoatInformationTableViewCell.swift in Sources */,
				C82982131FB46D1D009DDCB0 /* ViewController.swift in Sources */,
				C82071EF1FB74A4500258EC3 /* TabBarViewController.swift in Sources */,
				C82071E91FB7451100258EC3 /* FirstPageViewController.swift in Sources */,
				C8E048EF1FB60003001F971B /* MapViewController.swift in Sources */,
				C82982111FB46D1D009DDCB0 /* AppDelegate.swift in Sources */,
				C8825F831FC5C3E500B9E30E /* SettingsBundleHelper.swift in Sources */,
				C85808451FC9B8780098C3B2 /* Message.swift in Sources */,
				C834C02F1FDACD8200FA3161 /* BoatLocation.swift in Sources */,
				C87305961FC5CBCE00B68049 /* UIViewControllerExtension.swift in Sources */,
				C8E452CD1FD6BFBF005922D3 /* PreviousBoatLocationAnnotation.swift in Sources */,
				C834C0311FDAE34D00FA3161 /* EventHelper.swift in Sources */,
				C82071E51FB732FF00258EC3 /* InformationViewController.swift in Sources */,
			);
			runOnlyForDeploymentPostprocessing = 0;
		};
		C829821D1FB46D1D009DDCB0 /* Sources */ = {
			isa = PBXSourcesBuildPhase;
			buildActionMask = 2147483647;
			files = (
				C82982261FB46D1D009DDCB0 /* SolarboatTests.swift in Sources */,
			);
			runOnlyForDeploymentPostprocessing = 0;
		};
		C82982281FB46D1D009DDCB0 /* Sources */ = {
			isa = PBXSourcesBuildPhase;
			buildActionMask = 2147483647;
			files = (
				C82982311FB46D1D009DDCB0 /* SolarboatUITests.swift in Sources */,
			);
			runOnlyForDeploymentPostprocessing = 0;
		};
/* End PBXSourcesBuildPhase section */

/* Begin PBXTargetDependency section */
		C82982231FB46D1D009DDCB0 /* PBXTargetDependency */ = {
			isa = PBXTargetDependency;
			target = C829820C1FB46D1C009DDCB0 /* Solarboat */;
			targetProxy = C82982221FB46D1D009DDCB0 /* PBXContainerItemProxy */;
		};
		C829822E1FB46D1D009DDCB0 /* PBXTargetDependency */ = {
			isa = PBXTargetDependency;
			target = C829820C1FB46D1C009DDCB0 /* Solarboat */;
			targetProxy = C829822D1FB46D1D009DDCB0 /* PBXContainerItemProxy */;
		};
/* End PBXTargetDependency section */

/* Begin PBXVariantGroup section */
		C82982141FB46D1D009DDCB0 /* Main.storyboard */ = {
			isa = PBXVariantGroup;
			children = (
				C82982151FB46D1D009DDCB0 /* Base */,
				C85808491FC9C1280098C3B2 /* nl */,
			);
			name = Main.storyboard;
			sourceTree = "<group>";
		};
		C82982191FB46D1D009DDCB0 /* LaunchScreen.storyboard */ = {
			isa = PBXVariantGroup;
			children = (
				C829821A1FB46D1D009DDCB0 /* Base */,
				C85808481FC9C1270098C3B2 /* nl */,
			);
			name = LaunchScreen.storyboard;
			sourceTree = "<group>";
		};
/* End PBXVariantGroup section */

/* Begin XCBuildConfiguration section */
		C82982331FB46D1D009DDCB0 /* Debug */ = {
			isa = XCBuildConfiguration;
			buildSettings = {
				ALWAYS_SEARCH_USER_PATHS = NO;
				CLANG_ANALYZER_LOCALIZABILITY_NONLOCALIZED = YES;
				CLANG_ANALYZER_NONNULL = YES;
				CLANG_ANALYZER_NUMBER_OBJECT_CONVERSION = YES_AGGRESSIVE;
				CLANG_CXX_LANGUAGE_STANDARD = "gnu++14";
				CLANG_CXX_LIBRARY = "libc++";
				CLANG_ENABLE_MODULES = YES;
				CLANG_ENABLE_OBJC_ARC = YES;
				CLANG_WARN_BLOCK_CAPTURE_AUTORELEASING = YES;
				CLANG_WARN_BOOL_CONVERSION = YES;
				CLANG_WARN_COMMA = YES;
				CLANG_WARN_CONSTANT_CONVERSION = YES;
				CLANG_WARN_DIRECT_OBJC_ISA_USAGE = YES_ERROR;
				CLANG_WARN_DOCUMENTATION_COMMENTS = YES;
				CLANG_WARN_EMPTY_BODY = YES;
				CLANG_WARN_ENUM_CONVERSION = YES;
				CLANG_WARN_INFINITE_RECURSION = YES;
				CLANG_WARN_INT_CONVERSION = YES;
				CLANG_WARN_NON_LITERAL_NULL_CONVERSION = YES;
				CLANG_WARN_OBJC_LITERAL_CONVERSION = YES;
				CLANG_WARN_OBJC_ROOT_CLASS = YES_ERROR;
				CLANG_WARN_RANGE_LOOP_ANALYSIS = YES;
				CLANG_WARN_STRICT_PROTOTYPES = YES;
				CLANG_WARN_SUSPICIOUS_MOVE = YES;
				CLANG_WARN_UNGUARDED_AVAILABILITY = YES_AGGRESSIVE;
				CLANG_WARN_UNREACHABLE_CODE = YES;
				CLANG_WARN__DUPLICATE_METHOD_MATCH = YES;
				CODE_SIGN_IDENTITY = "iPhone Developer";
				COPY_PHASE_STRIP = NO;
				DEBUG_INFORMATION_FORMAT = dwarf;
				ENABLE_STRICT_OBJC_MSGSEND = YES;
				ENABLE_TESTABILITY = YES;
				GCC_C_LANGUAGE_STANDARD = gnu11;
				GCC_DYNAMIC_NO_PIC = NO;
				GCC_NO_COMMON_BLOCKS = YES;
				GCC_OPTIMIZATION_LEVEL = 0;
				GCC_PREPROCESSOR_DEFINITIONS = (
					"DEBUG=1",
					"$(inherited)",
				);
				GCC_WARN_64_TO_32_BIT_CONVERSION = YES;
				GCC_WARN_ABOUT_RETURN_TYPE = YES_ERROR;
				GCC_WARN_UNDECLARED_SELECTOR = YES;
				GCC_WARN_UNINITIALIZED_AUTOS = YES_AGGRESSIVE;
				GCC_WARN_UNUSED_FUNCTION = YES;
				GCC_WARN_UNUSED_VARIABLE = YES;
				IPHONEOS_DEPLOYMENT_TARGET = 11.0;
				MTL_ENABLE_DEBUG_INFO = YES;
				ONLY_ACTIVE_ARCH = YES;
				SDKROOT = iphoneos;
				SWIFT_ACTIVE_COMPILATION_CONDITIONS = DEBUG;
				SWIFT_OPTIMIZATION_LEVEL = "-Onone";
			};
			name = Debug;
		};
		C82982341FB46D1D009DDCB0 /* Release */ = {
			isa = XCBuildConfiguration;
			buildSettings = {
				ALWAYS_SEARCH_USER_PATHS = NO;
				CLANG_ANALYZER_LOCALIZABILITY_NONLOCALIZED = YES;
				CLANG_ANALYZER_NONNULL = YES;
				CLANG_ANALYZER_NUMBER_OBJECT_CONVERSION = YES_AGGRESSIVE;
				CLANG_CXX_LANGUAGE_STANDARD = "gnu++14";
				CLANG_CXX_LIBRARY = "libc++";
				CLANG_ENABLE_MODULES = YES;
				CLANG_ENABLE_OBJC_ARC = YES;
				CLANG_WARN_BLOCK_CAPTURE_AUTORELEASING = YES;
				CLANG_WARN_BOOL_CONVERSION = YES;
				CLANG_WARN_COMMA = YES;
				CLANG_WARN_CONSTANT_CONVERSION = YES;
				CLANG_WARN_DIRECT_OBJC_ISA_USAGE = YES_ERROR;
				CLANG_WARN_DOCUMENTATION_COMMENTS = YES;
				CLANG_WARN_EMPTY_BODY = YES;
				CLANG_WARN_ENUM_CONVERSION = YES;
				CLANG_WARN_INFINITE_RECURSION = YES;
				CLANG_WARN_INT_CONVERSION = YES;
				CLANG_WARN_NON_LITERAL_NULL_CONVERSION = YES;
				CLANG_WARN_OBJC_LITERAL_CONVERSION = YES;
				CLANG_WARN_OBJC_ROOT_CLASS = YES_ERROR;
				CLANG_WARN_RANGE_LOOP_ANALYSIS = YES;
				CLANG_WARN_STRICT_PROTOTYPES = YES;
				CLANG_WARN_SUSPICIOUS_MOVE = YES;
				CLANG_WARN_UNGUARDED_AVAILABILITY = YES_AGGRESSIVE;
				CLANG_WARN_UNREACHABLE_CODE = YES;
				CLANG_WARN__DUPLICATE_METHOD_MATCH = YES;
				CODE_SIGN_IDENTITY = "iPhone Developer";
				COPY_PHASE_STRIP = NO;
				DEBUG_INFORMATION_FORMAT = "dwarf-with-dsym";
				ENABLE_NS_ASSERTIONS = NO;
				ENABLE_STRICT_OBJC_MSGSEND = YES;
				GCC_C_LANGUAGE_STANDARD = gnu11;
				GCC_NO_COMMON_BLOCKS = YES;
				GCC_WARN_64_TO_32_BIT_CONVERSION = YES;
				GCC_WARN_ABOUT_RETURN_TYPE = YES_ERROR;
				GCC_WARN_UNDECLARED_SELECTOR = YES;
				GCC_WARN_UNINITIALIZED_AUTOS = YES_AGGRESSIVE;
				GCC_WARN_UNUSED_FUNCTION = YES;
				GCC_WARN_UNUSED_VARIABLE = YES;
				IPHONEOS_DEPLOYMENT_TARGET = 11.0;
				MTL_ENABLE_DEBUG_INFO = NO;
				SDKROOT = iphoneos;
				SWIFT_OPTIMIZATION_LEVEL = "-Owholemodule";
				VALIDATE_PRODUCT = YES;
			};
			name = Release;
		};
		C82982361FB46D1D009DDCB0 /* Debug */ = {
			isa = XCBuildConfiguration;
			baseConfigurationReference = A724E399097B0CCA1A785CE9 /* Pods-Solarboat.debug.xcconfig */;
			buildSettings = {
				ASSETCATALOG_COMPILER_APPICON_NAME = AppIcon;
				CLANG_ENABLE_MODULES = YES;
				CODE_SIGN_STYLE = Manual;
				DEVELOPMENT_TEAM = AL2Y34Z94B;
				INFOPLIST_FILE = Solarboat/Info.plist;
				IPHONEOS_DEPLOYMENT_TARGET = 10.0;
				LD_RUNPATH_SEARCH_PATHS = "$(inherited) @executable_path/Frameworks";
				PRODUCT_BUNDLE_IDENTIFIER = nl.avans.mad.Solarboat;
				PRODUCT_NAME = "$(TARGET_NAME)";
				PROVISIONING_PROFILE = "552fd557-65d7-4e17-84c9-6391647afe14";
				PROVISIONING_PROFILE_SPECIFIER = "Wildcard provisioning profile";
				SWIFT_OPTIMIZATION_LEVEL = "-Onone";
				SWIFT_VERSION = 4.0;
				TARGETED_DEVICE_FAMILY = "1,2";
			};
			name = Debug;
		};
		C82982371FB46D1D009DDCB0 /* Release */ = {
			isa = XCBuildConfiguration;
			baseConfigurationReference = 3DAA7447936486A5368608C9 /* Pods-Solarboat.release.xcconfig */;
			buildSettings = {
				ASSETCATALOG_COMPILER_APPICON_NAME = AppIcon;
				CLANG_ENABLE_MODULES = YES;
				CODE_SIGN_STYLE = Manual;
				DEVELOPMENT_TEAM = AL2Y34Z94B;
				INFOPLIST_FILE = Solarboat/Info.plist;
				IPHONEOS_DEPLOYMENT_TARGET = 10.0;
				LD_RUNPATH_SEARCH_PATHS = "$(inherited) @executable_path/Frameworks";
				PRODUCT_BUNDLE_IDENTIFIER = nl.avans.mad.Solarboat;
				PRODUCT_NAME = "$(TARGET_NAME)";
				PROVISIONING_PROFILE = "552fd557-65d7-4e17-84c9-6391647afe14";
				PROVISIONING_PROFILE_SPECIFIER = "Wildcard provisioning profile";
				SWIFT_VERSION = 4.0;
				TARGETED_DEVICE_FAMILY = "1,2";
			};
			name = Release;
		};
		C82982391FB46D1D009DDCB0 /* Debug */ = {
			isa = XCBuildConfiguration;
			buildSettings = {
				ALWAYS_EMBED_SWIFT_STANDARD_LIBRARIES = YES;
				BUNDLE_LOADER = "$(TEST_HOST)";
				CODE_SIGN_STYLE = Automatic;
				INFOPLIST_FILE = SolarboatTests/Info.plist;
				LD_RUNPATH_SEARCH_PATHS = "$(inherited) @executable_path/Frameworks @loader_path/Frameworks";
				PRODUCT_BUNDLE_IDENTIFIER = nl.avans.mad.SolarboatTests;
				PRODUCT_NAME = "$(TARGET_NAME)";
				SWIFT_VERSION = 4.0;
				TARGETED_DEVICE_FAMILY = "1,2";
				TEST_HOST = "$(BUILT_PRODUCTS_DIR)/Solarboat.app/Solarboat";
			};
			name = Debug;
		};
		C829823A1FB46D1D009DDCB0 /* Release */ = {
			isa = XCBuildConfiguration;
			buildSettings = {
				ALWAYS_EMBED_SWIFT_STANDARD_LIBRARIES = YES;
				BUNDLE_LOADER = "$(TEST_HOST)";
				CODE_SIGN_STYLE = Automatic;
				INFOPLIST_FILE = SolarboatTests/Info.plist;
				LD_RUNPATH_SEARCH_PATHS = "$(inherited) @executable_path/Frameworks @loader_path/Frameworks";
				PRODUCT_BUNDLE_IDENTIFIER = nl.avans.mad.SolarboatTests;
				PRODUCT_NAME = "$(TARGET_NAME)";
				SWIFT_VERSION = 4.0;
				TARGETED_DEVICE_FAMILY = "1,2";
				TEST_HOST = "$(BUILT_PRODUCTS_DIR)/Solarboat.app/Solarboat";
			};
			name = Release;
		};
		C829823C1FB46D1D009DDCB0 /* Debug */ = {
			isa = XCBuildConfiguration;
			buildSettings = {
				ALWAYS_EMBED_SWIFT_STANDARD_LIBRARIES = YES;
				CODE_SIGN_STYLE = Automatic;
				INFOPLIST_FILE = SolarboatUITests/Info.plist;
				LD_RUNPATH_SEARCH_PATHS = "$(inherited) @executable_path/Frameworks @loader_path/Frameworks";
				PRODUCT_BUNDLE_IDENTIFIER = nl.avans.mad.SolarboatUITests;
				PRODUCT_NAME = "$(TARGET_NAME)";
				SWIFT_VERSION = 4.0;
				TARGETED_DEVICE_FAMILY = "1,2";
				TEST_TARGET_NAME = Solarboat;
			};
			name = Debug;
		};
		C829823D1FB46D1D009DDCB0 /* Release */ = {
			isa = XCBuildConfiguration;
			buildSettings = {
				ALWAYS_EMBED_SWIFT_STANDARD_LIBRARIES = YES;
				CODE_SIGN_STYLE = Automatic;
				INFOPLIST_FILE = SolarboatUITests/Info.plist;
				LD_RUNPATH_SEARCH_PATHS = "$(inherited) @executable_path/Frameworks @loader_path/Frameworks";
				PRODUCT_BUNDLE_IDENTIFIER = nl.avans.mad.SolarboatUITests;
				PRODUCT_NAME = "$(TARGET_NAME)";
				SWIFT_VERSION = 4.0;
				TARGETED_DEVICE_FAMILY = "1,2";
				TEST_TARGET_NAME = Solarboat;
			};
			name = Release;
		};
/* End XCBuildConfiguration section */

/* Begin XCConfigurationList section */
		C82982081FB46D1C009DDCB0 /* Build configuration list for PBXProject "Solarboat" */ = {
			isa = XCConfigurationList;
			buildConfigurations = (
				C82982331FB46D1D009DDCB0 /* Debug */,
				C82982341FB46D1D009DDCB0 /* Release */,
			);
			defaultConfigurationIsVisible = 0;
			defaultConfigurationName = Release;
		};
		C82982351FB46D1D009DDCB0 /* Build configuration list for PBXNativeTarget "Solarboat" */ = {
			isa = XCConfigurationList;
			buildConfigurations = (
				C82982361FB46D1D009DDCB0 /* Debug */,
				C82982371FB46D1D009DDCB0 /* Release */,
			);
			defaultConfigurationIsVisible = 0;
			defaultConfigurationName = Release;
		};
		C82982381FB46D1D009DDCB0 /* Build configuration list for PBXNativeTarget "SolarboatTests" */ = {
			isa = XCConfigurationList;
			buildConfigurations = (
				C82982391FB46D1D009DDCB0 /* Debug */,
				C829823A1FB46D1D009DDCB0 /* Release */,
			);
			defaultConfigurationIsVisible = 0;
			defaultConfigurationName = Release;
		};
		C829823B1FB46D1D009DDCB0 /* Build configuration list for PBXNativeTarget "SolarboatUITests" */ = {
			isa = XCConfigurationList;
			buildConfigurations = (
				C829823C1FB46D1D009DDCB0 /* Debug */,
				C829823D1FB46D1D009DDCB0 /* Release */,
			);
			defaultConfigurationIsVisible = 0;
			defaultConfigurationName = Release;
		};
/* End XCConfigurationList section */
	};
	rootObject = C82982051FB46D1C009DDCB0 /* Project object */;
}
